
Microsoft Visual Studio Solution File, Format Version 12.00
# Visual Studio Version 16
VisualStudioVersion = 16.0.31410.357
MinimumVisualStudioVersion = 10.0.40219.1
Project("{FAE04EC0-301F-11D3-BF4B-00C04F79EFBC}") = "GetInfo4.0", "GetInfo4.0\GetInfo4.0.csproj", "{8587C9BD-AA95-4825-976B-FCEB8B6A453F}"
EndProject
Global
	GlobalSection(SolutionConfigurationPlatforms) = preSolution
		Debug|Any CPU = Debug|Any CPU
		Debug|x64 = Debug|x64
		Release|Any CPU = Release|Any CPU
		Release|x64 = Release|x64
	EndGlobalSection
	GlobalSection(ProjectConfigurationPlatforms) = postSolution
		{8587C9BD-AA95-4825-976B-FCEB8B6A453F}.Debug|Any CPU.ActiveCfg = Debug|Any CPU
		{8587C9BD-AA95-4825-976B-FCEB8B6A453F}.Debug|Any CPU.Build.0 = Debug|Any CPU
		{8587C9BD-AA95-4825-976B-FCEB8B6A453F}.Debug|x64.ActiveCfg = Debug|x64
		{8587C9BD-AA95-4825-976B-FCEB8B6A453F}.Debug|x64.Build.0 = Debug|x64
		{8587C9BD-AA95-4825-976B-FCEB8B6A453F}.Release|Any CPU.ActiveCfg = Release|Any CPU
		{8587C9BD-AA95-4825-976B-FCEB8B6A453F}.Release|Any CPU.Build.0 = Release|Any CPU
		{8587C9BD-AA95-4825-976B-FCEB8B6A453F}.Release|x64.ActiveCfg = Release|x64
		{8587C9BD-AA95-4825-976B-FCEB8B6A453F}.Release|x64.Build.0 = Release|x64
	EndGlobalSection
	GlobalSection(SolutionProperties) = preSolution
		HideSolutionNode = FALSE
	EndGlobalSection
	GlobalSection(ExtensibilityGlobals) = postSolution
		SolutionGuid = {5809008F-23B0-4465-A18C-DD3CAE5DF64D}
	EndGlobalSection
EndGlobal
